
Microsoft Visual Studio Solution File, Format Version 12.00
# Visual Studio Version 17
VisualStudioVersion = 17.2.32505.173
MinimumVisualStudioVersion = 10.0.40219.1
Project("{FAE04EC0-301F-11D3-BF4B-00C04F79EFBC}") = "Str8tsGenerationProject", "Str8tsGenerationProject\Str8tsGenerationProject.csproj", "{2C25C27A-0CD9-47EC-9FE7-126514D1D9CA}"
EndProject
Project("{FAE04EC0-301F-11D3-BF4B-00C04F79EFBC}") = "Str8tsSolver", "Str8tsSolver\Str8tsSolver.csproj", "{D353BD36-72EE-47DA-8929-6C90E91825A8}"
EndProject
Global
	GlobalSection(SolutionConfigurationPlatforms) = preSolution
		Debug|Any CPU = Debug|Any CPU
		Release|Any CPU = Release|Any CPU
	EndGlobalSection
	GlobalSection(ProjectConfigurationPlatforms) = postSolution
		{2C25C27A-0CD9-47EC-9FE7-126514D1D9CA}.Debug|Any CPU.ActiveCfg = Debug|Any CPU
		{2C25C27A-0CD9-47EC-9FE7-126514D1D9CA}.Debug|Any CPU.Build.0 = Debug|Any CPU
		{2C25C27A-0CD9-47EC-9FE7-126514D1D9CA}.Release|Any CPU.ActiveCfg = Release|Any CPU
		{2C25C27A-0CD9-47EC-9FE7-126514D1D9CA}.Release|Any CPU.Build.0 = Release|Any CPU
		{D353BD36-72EE-47DA-8929-6C90E91825A8}.Debug|Any CPU.ActiveCfg = Debug|Any CPU
		{D353BD36-72EE-47DA-8929-6C90E91825A8}.Debug|Any CPU.Build.0 = Debug|Any CPU
		{D353BD36-72EE-47DA-8929-6C90E91825A8}.Release|Any CPU.ActiveCfg = Release|Any CPU
		{D353BD36-72EE-47DA-8929-6C90E91825A8}.Release|Any CPU.Build.0 = Release|Any CPU
	EndGlobalSection
	GlobalSection(SolutionProperties) = preSolution
		HideSolutionNode = FALSE
	EndGlobalSection
	GlobalSection(ExtensibilityGlobals) = postSolution
		SolutionGuid = {55AB0604-0DB0-4306-894B-72AA9CF8463B}
	EndGlobalSection
EndGlobal
